
Microsoft Visual Studio Solution File, Format Version 12.00
# Visual Studio 14
VisualStudioVersion = 14.0.25420.1
MinimumVisualStudioVersion = 10.0.40219.1
Project("{FAE04EC0-301F-11D3-BF4B-00C04F79EFBC}") = "ISIC_FMT_MMCP_App", "ISIC_FMT_MMCP_App\ISIC_FMT_MMCP_App\ISIC_FMT_MMCP_App.csproj", "{8179E338-27D0-4282-BC32-55F94441A0C6}"
EndProject
Project("{FAE04EC0-301F-11D3-BF4B-00C04F79EFBC}") = "ISIC_FMT_MMCP_App.Droid", "ISIC_FMT_MMCP_App\ISIC_FMT_MMCP_App.Droid\ISIC_FMT_MMCP_App.Droid.csproj", "{7DA6C3AD-C531-49F1-B679-772D32F7DF1C}"
EndProject
Project("{FAE04EC0-301F-11D3-BF4B-00C04F79EFBC}") = "ISIC_FMT_MMCP_App.iOS", "ISIC_FMT_MMCP_App\ISIC_FMT_MMCP_App.iOS\ISIC_FMT_MMCP_App.iOS.csproj", "{BE5C4C8C-EAA5-4509-9F8E-8593D2C881D5}"
EndProject
Project("{FAE04EC0-301F-11D3-BF4B-00C04F79EFBC}") = "ISIC_FMT_MMCP_App.WinPhone", "ISIC_FMT_MMCP_App\ISIC_FMT_MMCP_App.WinPhone\ISIC_FMT_MMCP_App.WinPhone.csproj", "{522CC94D-F10F-4748-9A0A-A9313D492819}"
EndProject
Project("{FAE04EC0-301F-11D3-BF4B-00C04F79EFBC}") = "ISIC_FMT_MMCP_App.UWP", "ISIC_FMT_MMCP_App\ISIC_FMT_MMCP_App.UWP\ISIC_FMT_MMCP_App.UWP.csproj", "{2E67F1D2-1987-4A1A-9122-A965027887FB}"
EndProject
Project("{FAE04EC0-301F-11D3-BF4B-00C04F79EFBC}") = "ISIC_FMT_MMCP_App.Windows", "ISIC_FMT_MMCP_App\ISIC_FMT_MMCP_App.Windows\ISIC_FMT_MMCP_App.Windows.csproj", "{21C99A67-B304-4C6E-877E-580A7520D8A4}"
EndProject
Global
	GlobalSection(SolutionConfigurationPlatforms) = preSolution
		Ad-Hoc|Any CPU = Ad-Hoc|Any CPU
		Ad-Hoc|ARM = Ad-Hoc|ARM
		Ad-Hoc|iPhone = Ad-Hoc|iPhone
		Ad-Hoc|iPhoneSimulator = Ad-Hoc|iPhoneSimulator
		Ad-Hoc|x64 = Ad-Hoc|x64
		Ad-Hoc|x86 = Ad-Hoc|x86
		AppStore|Any CPU = AppStore|Any CPU
		AppStore|ARM = AppStore|ARM
		AppStore|iPhone = AppStore|iPhone
		AppStore|iPhoneSimulator = AppStore|iPhoneSimulator
		AppStore|x64 = AppStore|x64
		AppStore|x86 = AppStore|x86
		Debug|Any CPU = Debug|Any CPU
		Debug|ARM = Debug|ARM
		Debug|iPhone = Debug|iPhone
		Debug|iPhoneSimulator = Debug|iPhoneSimulator
		Debug|x64 = Debug|x64
		Debug|x86 = Debug|x86
		Release|Any CPU = Release|Any CPU
		Release|ARM = Release|ARM
		Release|iPhone = Release|iPhone
		Release|iPhoneSimulator = Release|iPhoneSimulator
		Release|x64 = Release|x64
		Release|x86 = Release|x86
	EndGlobalSection
	GlobalSection(ProjectConfigurationPlatforms) = postSolution
		{8179E338-27D0-4282-BC32-55F94441A0C6}.Ad-Hoc|Any CPU.ActiveCfg = Release|Any CPU
		{8179E338-27D0-4282-BC32-55F94441A0C6}.Ad-Hoc|Any CPU.Build.0 = Release|Any CPU
		{8179E338-27D0-4282-BC32-55F94441A0C6}.Ad-Hoc|ARM.ActiveCfg = Release|Any CPU
		{8179E338-27D0-4282-BC32-55F94441A0C6}.Ad-Hoc|ARM.Build.0 = Release|Any CPU
		{8179E338-27D0-4282-BC32-55F94441A0C6}.Ad-Hoc|iPhone.ActiveCfg = Release|Any CPU
		{8179E338-27D0-4282-BC32-55F94441A0C6}.Ad-Hoc|iPhone.Build.0 = Release|Any CPU
		{8179E338-27D0-4282-BC32-55F94441A0C6}.Ad-Hoc|iPhoneSimulator.ActiveCfg = Release|Any CPU
		{8179E338-27D0-4282-BC32-55F94441A0C6}.Ad-Hoc|iPhoneSimulator.Build.0 = Release|Any CPU
		{8179E338-27D0-4282-BC32-55F94441A0C6}.Ad-Hoc|x64.ActiveCfg = Release|Any CPU
		{8179E338-27D0-4282-BC32-55F94441A0C6}.Ad-Hoc|x64.Build.0 = Release|Any CPU
		{8179E338-27D0-4282-BC32-55F94441A0C6}.Ad-Hoc|x86.ActiveCfg = Release|Any CPU
		{8179E338-27D0-4282-BC32-55F94441A0C6}.Ad-Hoc|x86.Build.0 = Release|Any CPU
		{8179E338-27D0-4282-BC32-55F94441A0C6}.AppStore|Any CPU.ActiveCfg = Release|Any CPU
		{8179E338-27D0-4282-BC32-55F94441A0C6}.AppStore|Any CPU.Build.0 = Release|Any CPU
		{8179E338-27D0-4282-BC32-55F94441A0C6}.AppStore|ARM.ActiveCfg = Release|Any CPU
		{8179E338-27D0-4282-BC32-55F94441A0C6}.AppStore|ARM.Build.0 = Release|Any CPU
		{8179E338-27D0-4282-BC32-55F94441A0C6}.AppStore|iPhone.ActiveCfg = Release|Any CPU
		{8179E338-27D0-4282-BC32-55F94441A0C6}.AppStore|iPhone.Build.0 = Release|Any CPU
		{8179E338-27D0-4282-BC32-55F94441A0C6}.AppStore|iPhoneSimulator.ActiveCfg = Release|Any CPU
		{8179E338-27D0-4282-BC32-55F94441A0C6}.AppStore|iPhoneSimulator.Build.0 = Release|Any CPU
		{8179E338-27D0-4282-BC32-55F94441A0C6}.AppStore|x64.ActiveCfg = Release|Any CPU
		{8179E338-27D0-4282-BC32-55F94441A0C6}.AppStore|x64.Build.0 = Release|Any CPU
		{8179E338-27D0-4282-BC32-55F94441A0C6}.AppStore|x86.ActiveCfg = Release|Any CPU
		{8179E338-27D0-4282-BC32-55F94441A0C6}.AppStore|x86.Build.0 = Release|Any CPU
		{8179E338-27D0-4282-BC32-55F94441A0C6}.Debug|Any CPU.ActiveCfg = Debug|Any CPU
		{8179E338-27D0-4282-BC32-55F94441A0C6}.Debug|Any CPU.Build.0 = Debug|Any CPU
		{8179E338-27D0-4282-BC32-55F94441A0C6}.Debug|ARM.ActiveCfg = Debug|Any CPU
		{8179E338-27D0-4282-BC32-55F94441A0C6}.Debug|ARM.Build.0 = Debug|Any CPU
		{8179E338-27D0-4282-BC32-55F94441A0C6}.Debug|iPhone.ActiveCfg = Debug|Any CPU
		{8179E338-27D0-4282-BC32-55F94441A0C6}.Debug|iPhone.Build.0 = Debug|Any CPU
		{8179E338-27D0-4282-BC32-55F94441A0C6}.Debug|iPhoneSimulator.ActiveCfg = Debug|Any CPU
		{8179E338-27D0-4282-BC32-55F94441A0C6}.Debug|iPhoneSimulator.Build.0 = Debug|Any CPU
		{8179E338-27D0-4282-BC32-55F94441A0C6}.Debug|x64.ActiveCfg = Debug|Any CPU
		{8179E338-27D0-4282-BC32-55F94441A0C6}.Debug|x64.Build.0 = Debug|Any CPU
		{8179E338-27D0-4282-BC32-55F94441A0C6}.Debug|x86.ActiveCfg = Debug|Any CPU
		{8179E338-27D0-4282-BC32-55F94441A0C6}.Debug|x86.Build.0 = Debug|Any CPU
		{8179E338-27D0-4282-BC32-55F94441A0C6}.Release|Any CPU.ActiveCfg = Release|Any CPU
		{8179E338-27D0-4282-BC32-55F94441A0C6}.Release|Any CPU.Build.0 = Release|Any CPU
		{8179E338-27D0-4282-BC32-55F94441A0C6}.Release|ARM.ActiveCfg = Release|Any CPU
		{8179E338-27D0-4282-BC32-55F94441A0C6}.Release|ARM.Build.0 = Release|Any CPU
		{8179E338-27D0-4282-BC32-55F94441A0C6}.Release|iPhone.ActiveCfg = Release|Any CPU
		{8179E338-27D0-4282-BC32-55F94441A0C6}.Release|iPhone.Build.0 = Release|Any CPU
		{8179E338-27D0-4282-BC32-55F94441A0C6}.Release|iPhoneSimulator.ActiveCfg = Release|Any CPU
		{8179E338-27D0-4282-BC32-55F94441A0C6}.Release|iPhoneSimulator.Build.0 = Release|Any CPU
		{8179E338-27D0-4282-BC32-55F94441A0C6}.Release|x64.ActiveCfg = Release|Any CPU
		{8179E338-27D0-4282-BC32-55F94441A0C6}.Release|x64.Build.0 = Release|Any CPU
		{8179E338-27D0-4282-BC32-55F94441A0C6}.Release|x86.ActiveCfg = Release|Any CPU
		{8179E338-27D0-4282-BC32-55F94441A0C6}.Release|x86.Build.0 = Release|Any CPU
		{7DA6C3AD-C531-49F1-B679-772D32F7DF1C}.Ad-Hoc|Any CPU.ActiveCfg = Release|Any CPU
		{7DA6C3AD-C531-49F1-B679-772D32F7DF1C}.Ad-Hoc|Any CPU.Build.0 = Release|Any CPU
		{7DA6C3AD-C531-49F1-B679-772D32F7DF1C}.Ad-Hoc|Any CPU.Deploy.0 = Release|Any CPU
		{7DA6C3AD-C531-49F1-B679-772D32F7DF1C}.Ad-Hoc|ARM.ActiveCfg = Release|Any CPU
		{7DA6C3AD-C531-49F1-B679-772D32F7DF1C}.Ad-Hoc|ARM.Build.0 = Release|Any CPU
		{7DA6C3AD-C531-49F1-B679-772D32F7DF1C}.Ad-Hoc|ARM.Deploy.0 = Release|Any CPU
		{7DA6C3AD-C531-49F1-B679-772D32F7DF1C}.Ad-Hoc|iPhone.ActiveCfg = Release|Any CPU
		{7DA6C3AD-C531-49F1-B679-772D32F7DF1C}.Ad-Hoc|iPhone.Build.0 = Release|Any CPU
		{7DA6C3AD-C531-49F1-B679-772D32F7DF1C}.Ad-Hoc|iPhone.Deploy.0 = Release|Any CPU
		{7DA6C3AD-C531-49F1-B679-772D32F7DF1C}.Ad-Hoc|iPhoneSimulator.ActiveCfg = Release|Any CPU
		{7DA6C3AD-C531-49F1-B679-772D32F7DF1C}.Ad-Hoc|iPhoneSimulator.Build.0 = Release|Any CPU
		{7DA6C3AD-C531-49F1-B679-772D32F7DF1C}.Ad-Hoc|iPhoneSimulator.Deploy.0 = Release|Any CPU
		{7DA6C3AD-C531-49F1-B679-772D32F7DF1C}.Ad-Hoc|x64.ActiveCfg = Release|Any CPU
		{7DA6C3AD-C531-49F1-B679-772D32F7DF1C}.Ad-Hoc|x64.Build.0 = Release|Any CPU
		{7DA6C3AD-C531-49F1-B679-772D32F7DF1C}.Ad-Hoc|x64.Deploy.0 = Release|Any CPU
		{7DA6C3AD-C531-49F1-B679-772D32F7DF1C}.Ad-Hoc|x86.ActiveCfg = Release|Any CPU
		{7DA6C3AD-C531-49F1-B679-772D32F7DF1C}.Ad-Hoc|x86.Build.0 = Release|Any CPU
		{7DA6C3AD-C531-49F1-B679-772D32F7DF1C}.Ad-Hoc|x86.Deploy.0 = Release|Any CPU
		{7DA6C3AD-C531-49F1-B679-772D32F7DF1C}.AppStore|Any CPU.ActiveCfg = Release|Any CPU
		{7DA6C3AD-C531-49F1-B679-772D32F7DF1C}.AppStore|Any CPU.Build.0 = Release|Any CPU
		{7DA6C3AD-C531-49F1-B679-772D32F7DF1C}.AppStore|Any CPU.Deploy.0 = Release|Any CPU
		{7DA6C3AD-C531-49F1-B679-772D32F7DF1C}.AppStore|ARM.ActiveCfg = Release|Any CPU
		{7DA6C3AD-C531-49F1-B679-772D32F7DF1C}.AppStore|ARM.Build.0 = Release|Any CPU
		{7DA6C3AD-C531-49F1-B679-772D32F7DF1C}.AppStore|ARM.Deploy.0 = Release|Any CPU
		{7DA6C3AD-C531-49F1-B679-772D32F7DF1C}.AppStore|iPhone.ActiveCfg = Release|Any CPU
		{7DA6C3AD-C531-49F1-B679-772D32F7DF1C}.AppStore|iPhone.Build.0 = Release|Any CPU
		{7DA6C3AD-C531-49F1-B679-772D32F7DF1C}.AppStore|iPhone.Deploy.0 = Release|Any CPU
		{7DA6C3AD-C531-49F1-B679-772D32F7DF1C}.AppStore|iPhoneSimulator.ActiveCfg = Release|Any CPU
		{7DA6C3AD-C531-49F1-B679-772D32F7DF1C}.AppStore|iPhoneSimulator.Build.0 = Release|Any CPU
		{7DA6C3AD-C531-49F1-B679-772D32F7DF1C}.AppStore|iPhoneSimulator.Deploy.0 = Release|Any CPU
		{7DA6C3AD-C531-49F1-B679-772D32F7DF1C}.AppStore|x64.ActiveCfg = Release|Any CPU
		{7DA6C3AD-C531-49F1-B679-772D32F7DF1C}.AppStore|x64.Build.0 = Release|Any CPU
		{7DA6C3AD-C531-49F1-B679-772D32F7DF1C}.AppStore|x64.Deploy.0 = Release|Any CPU
		{7DA6C3AD-C531-49F1-B679-772D32F7DF1C}.AppStore|x86.ActiveCfg = Release|Any CPU
		{7DA6C3AD-C531-49F1-B679-772D32F7DF1C}.AppStore|x86.Build.0 = Release|Any CPU
		{7DA6C3AD-C531-49F1-B679-772D32F7DF1C}.AppStore|x86.Deploy.0 = Release|Any CPU
		{7DA6C3AD-C531-49F1-B679-772D32F7DF1C}.Debug|Any CPU.ActiveCfg = Debug|Any CPU
		{7DA6C3AD-C531-49F1-B679-772D32F7DF1C}.Debug|Any CPU.Build.0 = Debug|Any CPU
		{7DA6C3AD-C531-49F1-B679-772D32F7DF1C}.Debug|Any CPU.Deploy.0 = Debug|Any CPU
		{7DA6C3AD-C531-49F1-B679-772D32F7DF1C}.Debug|ARM.ActiveCfg = Debug|Any CPU
		{7DA6C3AD-C531-49F1-B679-772D32F7DF1C}.Debug|ARM.Build.0 = Debug|Any CPU
		{7DA6C3AD-C531-49F1-B679-772D32F7DF1C}.Debug|ARM.Deploy.0 = Debug|Any CPU
		{7DA6C3AD-C531-49F1-B679-772D32F7DF1C}.Debug|iPhone.ActiveCfg = Debug|Any CPU
		{7DA6C3AD-C531-49F1-B679-772D32F7DF1C}.Debug|iPhone.Build.0 = Debug|Any CPU
		{7DA6C3AD-C531-49F1-B679-772D32F7DF1C}.Debug|iPhone.Deploy.0 = Debug|Any CPU
		{7DA6C3AD-C531-49F1-B679-772D32F7DF1C}.Debug|iPhoneSimulator.ActiveCfg = Debug|Any CPU
		{7DA6C3AD-C531-49F1-B679-772D32F7DF1C}.Debug|iPhoneSimulator.Build.0 = Debug|Any CPU
		{7DA6C3AD-C531-49F1-B679-772D32F7DF1C}.Debug|iPhoneSimulator.Deploy.0 = Debug|Any CPU
		{7DA6C3AD-C531-49F1-B679-772D32F7DF1C}.Debug|x64.ActiveCfg = Debug|Any CPU
		{7DA6C3AD-C531-49F1-B679-772D32F7DF1C}.Debug|x64.Build.0 = Debug|Any CPU
		{7DA6C3AD-C531-49F1-B679-772D32F7DF1C}.Debug|x64.Deploy.0 = Debug|Any CPU
		{7DA6C3AD-C531-49F1-B679-772D32F7DF1C}.Debug|x86.ActiveCfg = Debug|Any CPU
		{7DA6C3AD-C531-49F1-B679-772D32F7DF1C}.Debug|x86.Build.0 = Debug|Any CPU
		{7DA6C3AD-C531-49F1-B679-772D32F7DF1C}.Debug|x86.Deploy.0 = Debug|Any CPU
		{7DA6C3AD-C531-49F1-B679-772D32F7DF1C}.Release|Any CPU.ActiveCfg = Release|Any CPU
		{7DA6C3AD-C531-49F1-B679-772D32F7DF1C}.Release|Any CPU.Build.0 = Release|Any CPU
		{7DA6C3AD-C531-49F1-B679-772D32F7DF1C}.Release|Any CPU.Deploy.0 = Release|Any CPU
		{7DA6C3AD-C531-49F1-B679-772D32F7DF1C}.Release|ARM.ActiveCfg = Release|Any CPU
		{7DA6C3AD-C531-49F1-B679-772D32F7DF1C}.Release|ARM.Build.0 = Release|Any CPU
		{7DA6C3AD-C531-49F1-B679-772D32F7DF1C}.Release|ARM.Deploy.0 = Release|Any CPU
		{7DA6C3AD-C531-49F1-B679-772D32F7DF1C}.Release|iPhone.ActiveCfg = Release|Any CPU
		{7DA6C3AD-C531-49F1-B679-772D32F7DF1C}.Release|iPhone.Build.0 = Release|Any CPU
		{7DA6C3AD-C531-49F1-B679-772D32F7DF1C}.Release|iPhone.Deploy.0 = Release|Any CPU
		{7DA6C3AD-C531-49F1-B679-772D32F7DF1C}.Release|iPhoneSimulator.ActiveCfg = Release|Any CPU
		{7DA6C3AD-C531-49F1-B679-772D32F7DF1C}.Release|iPhoneSimulator.Build.0 = Release|Any CPU
		{7DA6C3AD-C531-49F1-B679-772D32F7DF1C}.Release|iPhoneSimulator.Deploy.0 = Release|Any CPU
		{7DA6C3AD-C531-49F1-B679-772D32F7DF1C}.Release|x64.ActiveCfg = Release|Any CPU
		{7DA6C3AD-C531-49F1-B679-772D32F7DF1C}.Release|x64.Build.0 = Release|Any CPU
		{7DA6C3AD-C531-49F1-B679-772D32F7DF1C}.Release|x64.Deploy.0 = Release|Any CPU
		{7DA6C3AD-C531-49F1-B679-772D32F7DF1C}.Release|x86.ActiveCfg = Release|Any CPU
		{7DA6C3AD-C531-49F1-B679-772D32F7DF1C}.Release|x86.Build.0 = Release|Any CPU
		{7DA6C3AD-C531-49F1-B679-772D32F7DF1C}.Release|x86.Deploy.0 = Release|Any CPU
		{BE5C4C8C-EAA5-4509-9F8E-8593D2C881D5}.Ad-Hoc|Any CPU.ActiveCfg = Ad-Hoc|iPhone
		{BE5C4C8C-EAA5-4509-9F8E-8593D2C881D5}.Ad-Hoc|ARM.ActiveCfg = Ad-Hoc|iPhone
		{BE5C4C8C-EAA5-4509-9F8E-8593D2C881D5}.Ad-Hoc|iPhone.ActiveCfg = Ad-Hoc|iPhone
		{BE5C4C8C-EAA5-4509-9F8E-8593D2C881D5}.Ad-Hoc|iPhone.Build.0 = Ad-Hoc|iPhone
		{BE5C4C8C-EAA5-4509-9F8E-8593D2C881D5}.Ad-Hoc|iPhoneSimulator.ActiveCfg = Ad-Hoc|iPhoneSimulator
		{BE5C4C8C-EAA5-4509-9F8E-8593D2C881D5}.Ad-Hoc|iPhoneSimulator.Build.0 = Ad-Hoc|iPhoneSimulator
		{BE5C4C8C-EAA5-4509-9F8E-8593D2C881D5}.Ad-Hoc|x64.ActiveCfg = Ad-Hoc|iPhone
		{BE5C4C8C-EAA5-4509-9F8E-8593D2C881D5}.Ad-Hoc|x86.ActiveCfg = Ad-Hoc|iPhone
		{BE5C4C8C-EAA5-4509-9F8E-8593D2C881D5}.AppStore|Any CPU.ActiveCfg = AppStore|iPhone
		{BE5C4C8C-EAA5-4509-9F8E-8593D2C881D5}.AppStore|ARM.ActiveCfg = AppStore|iPhone
		{BE5C4C8C-EAA5-4509-9F8E-8593D2C881D5}.AppStore|iPhone.ActiveCfg = AppStore|iPhone
		{BE5C4C8C-EAA5-4509-9F8E-8593D2C881D5}.AppStore|iPhone.Build.0 = AppStore|iPhone
		{BE5C4C8C-EAA5-4509-9F8E-8593D2C881D5}.AppStore|iPhoneSimulator.ActiveCfg = AppStore|iPhoneSimulator
		{BE5C4C8C-EAA5-4509-9F8E-8593D2C881D5}.AppStore|iPhoneSimulator.Build.0 = AppStore|iPhoneSimulator
		{BE5C4C8C-EAA5-4509-9F8E-8593D2C881D5}.AppStore|x64.ActiveCfg = AppStore|iPhone
		{BE5C4C8C-EAA5-4509-9F8E-8593D2C881D5}.AppStore|x86.ActiveCfg = AppStore|iPhone
		{BE5C4C8C-EAA5-4509-9F8E-8593D2C881D5}.Debug|Any CPU.ActiveCfg = Debug|iPhone
		{BE5C4C8C-EAA5-4509-9F8E-8593D2C881D5}.Debug|ARM.ActiveCfg = Debug|iPhone
		{BE5C4C8C-EAA5-4509-9F8E-8593D2C881D5}.Debug|iPhone.ActiveCfg = Debug|iPhone
		{BE5C4C8C-EAA5-4509-9F8E-8593D2C881D5}.Debug|iPhone.Build.0 = Debug|iPhone
		{BE5C4C8C-EAA5-4509-9F8E-8593D2C881D5}.Debug|iPhoneSimulator.ActiveCfg = Debug|iPhoneSimulator
		{BE5C4C8C-EAA5-4509-9F8E-8593D2C881D5}.Debug|iPhoneSimulator.Build.0 = Debug|iPhoneSimulator
		{BE5C4C8C-EAA5-4509-9F8E-8593D2C881D5}.Debug|x64.ActiveCfg = Debug|iPhone
		{BE5C4C8C-EAA5-4509-9F8E-8593D2C881D5}.Debug|x86.ActiveCfg = Debug|iPhone
		{BE5C4C8C-EAA5-4509-9F8E-8593D2C881D5}.Release|Any CPU.ActiveCfg = Release|iPhone
		{BE5C4C8C-EAA5-4509-9F8E-8593D2C881D5}.Release|ARM.ActiveCfg = Release|iPhone
		{BE5C4C8C-EAA5-4509-9F8E-8593D2C881D5}.Release|iPhone.ActiveCfg = Release|iPhone
		{BE5C4C8C-EAA5-4509-9F8E-8593D2C881D5}.Release|iPhone.Build.0 = Release|iPhone
		{BE5C4C8C-EAA5-4509-9F8E-8593D2C881D5}.Release|iPhoneSimulator.ActiveCfg = Release|iPhoneSimulator
		{BE5C4C8C-EAA5-4509-9F8E-8593D2C881D5}.Release|iPhoneSimulator.Build.0 = Release|iPhoneSimulator
		{BE5C4C8C-EAA5-4509-9F8E-8593D2C881D5}.Release|x64.ActiveCfg = Release|iPhone
		{BE5C4C8C-EAA5-4509-9F8E-8593D2C881D5}.Release|x86.ActiveCfg = Release|iPhone
		{522CC94D-F10F-4748-9A0A-A9313D492819}.Ad-Hoc|Any CPU.ActiveCfg = Release|Any CPU
		{522CC94D-F10F-4748-9A0A-A9313D492819}.Ad-Hoc|Any CPU.Build.0 = Release|Any CPU
		{522CC94D-F10F-4748-9A0A-A9313D492819}.Ad-Hoc|Any CPU.Deploy.0 = Release|Any CPU
		{522CC94D-F10F-4748-9A0A-A9313D492819}.Ad-Hoc|ARM.ActiveCfg = Release|ARM
		{522CC94D-F10F-4748-9A0A-A9313D492819}.Ad-Hoc|ARM.Build.0 = Release|ARM
		{522CC94D-F10F-4748-9A0A-A9313D492819}.Ad-Hoc|ARM.Deploy.0 = Release|ARM
		{522CC94D-F10F-4748-9A0A-A9313D492819}.Ad-Hoc|iPhone.ActiveCfg = Release|Any CPU
		{522CC94D-F10F-4748-9A0A-A9313D492819}.Ad-Hoc|iPhone.Build.0 = Release|Any CPU
		{522CC94D-F10F-4748-9A0A-A9313D492819}.Ad-Hoc|iPhone.Deploy.0 = Release|Any CPU
		{522CC94D-F10F-4748-9A0A-A9313D492819}.Ad-Hoc|iPhoneSimulator.ActiveCfg = Release|Any CPU
		{522CC94D-F10F-4748-9A0A-A9313D492819}.Ad-Hoc|iPhoneSimulator.Build.0 = Release|Any CPU
		{522CC94D-F10F-4748-9A0A-A9313D492819}.Ad-Hoc|iPhoneSimulator.Deploy.0 = Release|Any CPU
		{522CC94D-F10F-4748-9A0A-A9313D492819}.Ad-Hoc|x64.ActiveCfg = Release|Any CPU
		{522CC94D-F10F-4748-9A0A-A9313D492819}.Ad-Hoc|x64.Build.0 = Release|Any CPU
		{522CC94D-F10F-4748-9A0A-A9313D492819}.Ad-Hoc|x64.Deploy.0 = Release|Any CPU
		{522CC94D-F10F-4748-9A0A-A9313D492819}.Ad-Hoc|x86.ActiveCfg = Release|x86
		{522CC94D-F10F-4748-9A0A-A9313D492819}.Ad-Hoc|x86.Build.0 = Release|x86
		{522CC94D-F10F-4748-9A0A-A9313D492819}.Ad-Hoc|x86.Deploy.0 = Release|x86
		{522CC94D-F10F-4748-9A0A-A9313D492819}.AppStore|Any CPU.ActiveCfg = Release|Any CPU
		{522CC94D-F10F-4748-9A0A-A9313D492819}.AppStore|Any CPU.Build.0 = Release|Any CPU
		{522CC94D-F10F-4748-9A0A-A9313D492819}.AppStore|Any CPU.Deploy.0 = Release|Any CPU
		{522CC94D-F10F-4748-9A0A-A9313D492819}.AppStore|ARM.ActiveCfg = Release|ARM
		{522CC94D-F10F-4748-9A0A-A9313D492819}.AppStore|ARM.Build.0 = Release|ARM
		{522CC94D-F10F-4748-9A0A-A9313D492819}.AppStore|ARM.Deploy.0 = Release|ARM
		{522CC94D-F10F-4748-9A0A-A9313D492819}.AppStore|iPhone.ActiveCfg = Release|Any CPU
		{522CC94D-F10F-4748-9A0A-A9313D492819}.AppStore|iPhone.Build.0 = Release|Any CPU
		{522CC94D-F10F-4748-9A0A-A9313D492819}.AppStore|iPhone.Deploy.0 = Release|Any CPU
		{522CC94D-F10F-4748-9A0A-A9313D492819}.AppStore|iPhoneSimulator.ActiveCfg = Release|Any CPU
		{522CC94D-F10F-4748-9A0A-A9313D492819}.AppStore|iPhoneSimulator.Build.0 = Release|Any CPU
		{522CC94D-F10F-4748-9A0A-A9313D492819}.AppStore|iPhoneSimulator.Deploy.0 = Release|Any CPU
		{522CC94D-F10F-4748-9A0A-A9313D492819}.AppStore|x64.ActiveCfg = Release|Any CPU
		{522CC94D-F10F-4748-9A0A-A9313D492819}.AppStore|x64.Build.0 = Release|Any CPU
		{522CC94D-F10F-4748-9A0A-A9313D492819}.AppStore|x64.Deploy.0 = Release|Any CPU
		{522CC94D-F10F-4748-9A0A-A9313D492819}.AppStore|x86.ActiveCfg = Release|x86
		{522CC94D-F10F-4748-9A0A-A9313D492819}.AppStore|x86.Build.0 = Release|x86
		{522CC94D-F10F-4748-9A0A-A9313D492819}.AppStore|x86.Deploy.0 = Release|x86
		{522CC94D-F10F-4748-9A0A-A9313D492819}.Debug|Any CPU.ActiveCfg = Debug|Any CPU
		{522CC94D-F10F-4748-9A0A-A9313D492819}.Debug|Any CPU.Build.0 = Debug|Any CPU
		{522CC94D-F10F-4748-9A0A-A9313D492819}.Debug|Any CPU.Deploy.0 = Debug|Any CPU
		{522CC94D-F10F-4748-9A0A-A9313D492819}.Debug|ARM.ActiveCfg = Debug|ARM
		{522CC94D-F10F-4748-9A0A-A9313D492819}.Debug|ARM.Build.0 = Debug|ARM
		{522CC94D-F10F-4748-9A0A-A9313D492819}.Debug|ARM.Deploy.0 = Debug|ARM
		{522CC94D-F10F-4748-9A0A-A9313D492819}.Debug|iPhone.ActiveCfg = Debug|Any CPU
		{522CC94D-F10F-4748-9A0A-A9313D492819}.Debug|iPhone.Build.0 = Debug|Any CPU
		{522CC94D-F10F-4748-9A0A-A9313D492819}.Debug|iPhone.Deploy.0 = Debug|Any CPU
		{522CC94D-F10F-4748-9A0A-A9313D492819}.Debug|iPhoneSimulator.ActiveCfg = Debug|Any CPU
		{522CC94D-F10F-4748-9A0A-A9313D492819}.Debug|iPhoneSimulator.Build.0 = Debug|Any CPU
		{522CC94D-F10F-4748-9A0A-A9313D492819}.Debug|iPhoneSimulator.Deploy.0 = Debug|Any CPU
		{522CC94D-F10F-4748-9A0A-A9313D492819}.Debug|x64.ActiveCfg = Debug|Any CPU
		{522CC94D-F10F-4748-9A0A-A9313D492819}.Debug|x64.Build.0 = Debug|Any CPU
		{522CC94D-F10F-4748-9A0A-A9313D492819}.Debug|x64.Deploy.0 = Debug|Any CPU
		{522CC94D-F10F-4748-9A0A-A9313D492819}.Debug|x86.ActiveCfg = Debug|x86
		{522CC94D-F10F-4748-9A0A-A9313D492819}.Debug|x86.Build.0 = Debug|x86
		{522CC94D-F10F-4748-9A0A-A9313D492819}.Debug|x86.Deploy.0 = Debug|x86
		{522CC94D-F10F-4748-9A0A-A9313D492819}.Release|Any CPU.ActiveCfg = Release|Any CPU
		{522CC94D-F10F-4748-9A0A-A9313D492819}.Release|Any CPU.Build.0 = Release|Any CPU
		{522CC94D-F10F-4748-9A0A-A9313D492819}.Release|Any CPU.Deploy.0 = Release|Any CPU
		{522CC94D-F10F-4748-9A0A-A9313D492819}.Release|ARM.ActiveCfg = Release|ARM
		{522CC94D-F10F-4748-9A0A-A9313D492819}.Release|ARM.Build.0 = Release|ARM
		{522CC94D-F10F-4748-9A0A-A9313D492819}.Release|ARM.Deploy.0 = Release|ARM
		{522CC94D-F10F-4748-9A0A-A9313D492819}.Release|iPhone.ActiveCfg = Release|Any CPU
		{522CC94D-F10F-4748-9A0A-A9313D492819}.Release|iPhone.Build.0 = Release|Any CPU
		{522CC94D-F10F-4748-9A0A-A9313D492819}.Release|iPhone.Deploy.0 = Release|Any CPU
		{522CC94D-F10F-4748-9A0A-A9313D492819}.Release|iPhoneSimulator.ActiveCfg = Release|Any CPU
		{522CC94D-F10F-4748-9A0A-A9313D492819}.Release|iPhoneSimulator.Build.0 = Release|Any CPU
		{522CC94D-F10F-4748-9A0A-A9313D492819}.Release|iPhoneSimulator.Deploy.0 = Release|Any CPU
		{522CC94D-F10F-4748-9A0A-A9313D492819}.Release|x64.ActiveCfg = Release|Any CPU
		{522CC94D-F10F-4748-9A0A-A9313D492819}.Release|x64.Build.0 = Release|Any CPU
		{522CC94D-F10F-4748-9A0A-A9313D492819}.Release|x64.Deploy.0 = Release|Any CPU
		{522CC94D-F10F-4748-9A0A-A9313D492819}.Release|x86.ActiveCfg = Release|x86
		{522CC94D-F10F-4748-9A0A-A9313D492819}.Release|x86.Build.0 = Release|x86
		{522CC94D-F10F-4748-9A0A-A9313D492819}.Release|x86.Deploy.0 = Release|x86
		{2E67F1D2-1987-4A1A-9122-A965027887FB}.Ad-Hoc|Any CPU.ActiveCfg = Release|x86
		{2E67F1D2-1987-4A1A-9122-A965027887FB}.Ad-Hoc|Any CPU.Build.0 = Release|x86
		{2E67F1D2-1987-4A1A-9122-A965027887FB}.Ad-Hoc|Any CPU.Deploy.0 = Release|x86
		{2E67F1D2-1987-4A1A-9122-A965027887FB}.Ad-Hoc|ARM.ActiveCfg = Release|ARM
		{2E67F1D2-1987-4A1A-9122-A965027887FB}.Ad-Hoc|ARM.Build.0 = Release|ARM
		{2E67F1D2-1987-4A1A-9122-A965027887FB}.Ad-Hoc|ARM.Deploy.0 = Release|ARM
		{2E67F1D2-1987-4A1A-9122-A965027887FB}.Ad-Hoc|iPhone.ActiveCfg = Release|x86
		{2E67F1D2-1987-4A1A-9122-A965027887FB}.Ad-Hoc|iPhone.Build.0 = Release|x86
		{2E67F1D2-1987-4A1A-9122-A965027887FB}.Ad-Hoc|iPhone.Deploy.0 = Release|x86
		{2E67F1D2-1987-4A1A-9122-A965027887FB}.Ad-Hoc|iPhoneSimulator.ActiveCfg = Release|x86
		{2E67F1D2-1987-4A1A-9122-A965027887FB}.Ad-Hoc|iPhoneSimulator.Build.0 = Release|x86
		{2E67F1D2-1987-4A1A-9122-A965027887FB}.Ad-Hoc|iPhoneSimulator.Deploy.0 = Release|x86
		{2E67F1D2-1987-4A1A-9122-A965027887FB}.Ad-Hoc|x64.ActiveCfg = Release|x64
		{2E67F1D2-1987-4A1A-9122-A965027887FB}.Ad-Hoc|x64.Build.0 = Release|x64
		{2E67F1D2-1987-4A1A-9122-A965027887FB}.Ad-Hoc|x64.Deploy.0 = Release|x64
		{2E67F1D2-1987-4A1A-9122-A965027887FB}.Ad-Hoc|x86.ActiveCfg = Release|x86
		{2E67F1D2-1987-4A1A-9122-A965027887FB}.Ad-Hoc|x86.Build.0 = Release|x86
		{2E67F1D2-1987-4A1A-9122-A965027887FB}.Ad-Hoc|x86.Deploy.0 = Release|x86
		{2E67F1D2-1987-4A1A-9122-A965027887FB}.AppStore|Any CPU.ActiveCfg = Release|x86
		{2E67F1D2-1987-4A1A-9122-A965027887FB}.AppStore|Any CPU.Build.0 = Release|x86
		{2E67F1D2-1987-4A1A-9122-A965027887FB}.AppStore|Any CPU.Deploy.0 = Release|x86
		{2E67F1D2-1987-4A1A-9122-A965027887FB}.AppStore|ARM.ActiveCfg = Release|ARM
		{2E67F1D2-1987-4A1A-9122-A965027887FB}.AppStore|ARM.Build.0 = Release|ARM
		{2E67F1D2-1987-4A1A-9122-A965027887FB}.AppStore|ARM.Deploy.0 = Release|ARM
		{2E67F1D2-1987-4A1A-9122-A965027887FB}.AppStore|iPhone.ActiveCfg = Release|x86
		{2E67F1D2-1987-4A1A-9122-A965027887FB}.AppStore|iPhone.Build.0 = Release|x86
		{2E67F1D2-1987-4A1A-9122-A965027887FB}.AppStore|iPhone.Deploy.0 = Release|x86
		{2E67F1D2-1987-4A1A-9122-A965027887FB}.AppStore|iPhoneSimulator.ActiveCfg = Release|x86
		{2E67F1D2-1987-4A1A-9122-A965027887FB}.AppStore|iPhoneSimulator.Build.0 = Release|x86
		{2E67F1D2-1987-4A1A-9122-A965027887FB}.AppStore|iPhoneSimulator.Deploy.0 = Release|x86
		{2E67F1D2-1987-4A1A-9122-A965027887FB}.AppStore|x64.ActiveCfg = Release|x64
		{2E67F1D2-1987-4A1A-9122-A965027887FB}.AppStore|x64.Build.0 = Release|x64
		{2E67F1D2-1987-4A1A-9122-A965027887FB}.AppStore|x64.Deploy.0 = Release|x64
		{2E67F1D2-1987-4A1A-9122-A965027887FB}.AppStore|x86.ActiveCfg = Release|x86
		{2E67F1D2-1987-4A1A-9122-A965027887FB}.AppStore|x86.Build.0 = Release|x86
		{2E67F1D2-1987-4A1A-9122-A965027887FB}.AppStore|x86.Deploy.0 = Release|x86
		{2E67F1D2-1987-4A1A-9122-A965027887FB}.Debug|Any CPU.ActiveCfg = Debug|x86
		{2E67F1D2-1987-4A1A-9122-A965027887FB}.Debug|ARM.ActiveCfg = Debug|ARM
		{2E67F1D2-1987-4A1A-9122-A965027887FB}.Debug|ARM.Build.0 = Debug|ARM
		{2E67F1D2-1987-4A1A-9122-A965027887FB}.Debug|ARM.Deploy.0 = Debug|ARM
		{2E67F1D2-1987-4A1A-9122-A965027887FB}.Debug|iPhone.ActiveCfg = Debug|x86
		{2E67F1D2-1987-4A1A-9122-A965027887FB}.Debug|iPhoneSimulator.ActiveCfg = Debug|x86
		{2E67F1D2-1987-4A1A-9122-A965027887FB}.Debug|x64.ActiveCfg = Debug|x64
		{2E67F1D2-1987-4A1A-9122-A965027887FB}.Debug|x64.Build.0 = Debug|x64
		{2E67F1D2-1987-4A1A-9122-A965027887FB}.Debug|x64.Deploy.0 = Debug|x64
		{2E67F1D2-1987-4A1A-9122-A965027887FB}.Debug|x86.ActiveCfg = Debug|x86
		{2E67F1D2-1987-4A1A-9122-A965027887FB}.Debug|x86.Build.0 = Debug|x86
		{2E67F1D2-1987-4A1A-9122-A965027887FB}.Debug|x86.Deploy.0 = Debug|x86
		{2E67F1D2-1987-4A1A-9122-A965027887FB}.Release|Any CPU.ActiveCfg = Release|x86
		{2E67F1D2-1987-4A1A-9122-A965027887FB}.Release|ARM.ActiveCfg = Release|ARM
		{2E67F1D2-1987-4A1A-9122-A965027887FB}.Release|ARM.Build.0 = Release|ARM
		{2E67F1D2-1987-4A1A-9122-A965027887FB}.Release|ARM.Deploy.0 = Release|ARM
		{2E67F1D2-1987-4A1A-9122-A965027887FB}.Release|iPhone.ActiveCfg = Release|x86
		{2E67F1D2-1987-4A1A-9122-A965027887FB}.Release|iPhoneSimulator.ActiveCfg = Release|x86
		{2E67F1D2-1987-4A1A-9122-A965027887FB}.Release|x64.ActiveCfg = Release|x64
		{2E67F1D2-1987-4A1A-9122-A965027887FB}.Release|x64.Build.0 = Release|x64
		{2E67F1D2-1987-4A1A-9122-A965027887FB}.Release|x64.Deploy.0 = Release|x64
		{2E67F1D2-1987-4A1A-9122-A965027887FB}.Release|x86.ActiveCfg = Release|x86
		{2E67F1D2-1987-4A1A-9122-A965027887FB}.Release|x86.Build.0 = Release|x86
		{2E67F1D2-1987-4A1A-9122-A965027887FB}.Release|x86.Deploy.0 = Release|x86
		{21C99A67-B304-4C6E-877E-580A7520D8A4}.Ad-Hoc|Any CPU.ActiveCfg = Release|Any CPU
		{21C99A67-B304-4C6E-877E-580A7520D8A4}.Ad-Hoc|Any CPU.Build.0 = Release|Any CPU
		{21C99A67-B304-4C6E-877E-580A7520D8A4}.Ad-Hoc|Any CPU.Deploy.0 = Release|Any CPU
		{21C99A67-B304-4C6E-877E-580A7520D8A4}.Ad-Hoc|ARM.ActiveCfg = Release|ARM
		{21C99A67-B304-4C6E-877E-580A7520D8A4}.Ad-Hoc|ARM.Build.0 = Release|ARM
		{21C99A67-B304-4C6E-877E-580A7520D8A4}.Ad-Hoc|ARM.Deploy.0 = Release|ARM
		{21C99A67-B304-4C6E-877E-580A7520D8A4}.Ad-Hoc|iPhone.ActiveCfg = Release|Any CPU
		{21C99A67-B304-4C6E-877E-580A7520D8A4}.Ad-Hoc|iPhone.Build.0 = Release|Any CPU
		{21C99A67-B304-4C6E-877E-580A7520D8A4}.Ad-Hoc|iPhone.Deploy.0 = Release|Any CPU
		{21C99A67-B304-4C6E-877E-580A7520D8A4}.Ad-Hoc|iPhoneSimulator.ActiveCfg = Release|Any CPU
		{21C99A67-B304-4C6E-877E-580A7520D8A4}.Ad-Hoc|iPhoneSimulator.Build.0 = Release|Any CPU
		{21C99A67-B304-4C6E-877E-580A7520D8A4}.Ad-Hoc|iPhoneSimulator.Deploy.0 = Release|Any CPU
		{21C99A67-B304-4C6E-877E-580A7520D8A4}.Ad-Hoc|x64.ActiveCfg = Release|x64
		{21C99A67-B304-4C6E-877E-580A7520D8A4}.Ad-Hoc|x64.Build.0 = Release|x64
		{21C99A67-B304-4C6E-877E-580A7520D8A4}.Ad-Hoc|x64.Deploy.0 = Release|x64
		{21C99A67-B304-4C6E-877E-580A7520D8A4}.Ad-Hoc|x86.ActiveCfg = Release|x86
		{21C99A67-B304-4C6E-877E-580A7520D8A4}.Ad-Hoc|x86.Build.0 = Release|x86
		{21C99A67-B304-4C6E-877E-580A7520D8A4}.Ad-Hoc|x86.Deploy.0 = Release|x86
		{21C99A67-B304-4C6E-877E-580A7520D8A4}.AppStore|Any CPU.ActiveCfg = Release|Any CPU
		{21C99A67-B304-4C6E-877E-580A7520D8A4}.AppStore|Any CPU.Build.0 = Release|Any CPU
		{21C99A67-B304-4C6E-877E-580A7520D8A4}.AppStore|Any CPU.Deploy.0 = Release|Any CPU
		{21C99A67-B304-4C6E-877E-580A7520D8A4}.AppStore|ARM.ActiveCfg = Release|ARM
		{21C99A67-B304-4C6E-877E-580A7520D8A4}.AppStore|ARM.Build.0 = Release|ARM
		{21C99A67-B304-4C6E-877E-580A7520D8A4}.AppStore|ARM.Deploy.0 = Release|ARM
		{21C99A67-B304-4C6E-877E-580A7520D8A4}.AppStore|iPhone.ActiveCfg = Release|Any CPU
		{21C99A67-B304-4C6E-877E-580A7520D8A4}.AppStore|iPhone.Build.0 = Release|Any CPU
		{21C99A67-B304-4C6E-877E-580A7520D8A4}.AppStore|iPhone.Deploy.0 = Release|Any CPU
		{21C99A67-B304-4C6E-877E-580A7520D8A4}.AppStore|iPhoneSimulator.ActiveCfg = Release|Any CPU
		{21C99A67-B304-4C6E-877E-580A7520D8A4}.AppStore|iPhoneSimulator.Build.0 = Release|Any CPU
		{21C99A67-B304-4C6E-877E-580A7520D8A4}.AppStore|iPhoneSimulator.Deploy.0 = Release|Any CPU
		{21C99A67-B304-4C6E-877E-580A7520D8A4}.AppStore|x64.ActiveCfg = Release|x64
		{21C99A67-B304-4C6E-877E-580A7520D8A4}.AppStore|x64.Build.0 = Release|x64
		{21C99A67-B304-4C6E-877E-580A7520D8A4}.AppStore|x64.Deploy.0 = Release|x64
		{21C99A67-B304-4C6E-877E-580A7520D8A4}.AppStore|x86.ActiveCfg = Release|x86
		{21C99A67-B304-4C6E-877E-580A7520D8A4}.AppStore|x86.Build.0 = Release|x86
		{21C99A67-B304-4C6E-877E-580A7520D8A4}.AppStore|x86.Deploy.0 = Release|x86
		{21C99A67-B304-4C6E-877E-580A7520D8A4}.Debug|Any CPU.ActiveCfg = Debug|Any CPU
		{21C99A67-B304-4C6E-877E-580A7520D8A4}.Debug|Any CPU.Build.0 = Debug|Any CPU
		{21C99A67-B304-4C6E-877E-580A7520D8A4}.Debug|Any CPU.Deploy.0 = Debug|Any CPU
		{21C99A67-B304-4C6E-877E-580A7520D8A4}.Debug|ARM.ActiveCfg = Debug|ARM
		{21C99A67-B304-4C6E-877E-580A7520D8A4}.Debug|ARM.Build.0 = Debug|ARM
		{21C99A67-B304-4C6E-877E-580A7520D8A4}.Debug|ARM.Deploy.0 = Debug|ARM
		{21C99A67-B304-4C6E-877E-580A7520D8A4}.Debug|iPhone.ActiveCfg = Debug|Any CPU
		{21C99A67-B304-4C6E-877E-580A7520D8A4}.Debug|iPhone.Build.0 = Debug|Any CPU
		{21C99A67-B304-4C6E-877E-580A7520D8A4}.Debug|iPhone.Deploy.0 = Debug|Any CPU
		{21C99A67-B304-4C6E-877E-580A7520D8A4}.Debug|iPhoneSimulator.ActiveCfg = Debug|Any CPU
		{21C99A67-B304-4C6E-877E-580A7520D8A4}.Debug|iPhoneSimulator.Build.0 = Debug|Any CPU
		{21C99A67-B304-4C6E-877E-580A7520D8A4}.Debug|iPhoneSimulator.Deploy.0 = Debug|Any CPU
		{21C99A67-B304-4C6E-877E-580A7520D8A4}.Debug|x64.ActiveCfg = Debug|x64
		{21C99A67-B304-4C6E-877E-580A7520D8A4}.Debug|x64.Build.0 = Debug|x64
		{21C99A67-B304-4C6E-877E-580A7520D8A4}.Debug|x64.Deploy.0 = Debug|x64
		{21C99A67-B304-4C6E-877E-580A7520D8A4}.Debug|x86.ActiveCfg = Debug|x86
		{21C99A67-B304-4C6E-877E-580A7520D8A4}.Debug|x86.Build.0 = Debug|x86
		{21C99A67-B304-4C6E-877E-580A7520D8A4}.Debug|x86.Deploy.0 = Debug|x86
		{21C99A67-B304-4C6E-877E-580A7520D8A4}.Release|Any CPU.ActiveCfg = Release|Any CPU
		{21C99A67-B304-4C6E-877E-580A7520D8A4}.Release|Any CPU.Build.0 = Release|Any CPU
		{21C99A67-B304-4C6E-877E-580A7520D8A4}.Release|Any CPU.Deploy.0 = Release|Any CPU
		{21C99A67-B304-4C6E-877E-580A7520D8A4}.Release|ARM.ActiveCfg = Release|ARM
		{21C99A67-B304-4C6E-877E-580A7520D8A4}.Release|ARM.Build.0 = Release|ARM
		{21C99A67-B304-4C6E-877E-580A7520D8A4}.Release|ARM.Deploy.0 = Release|ARM
		{21C99A67-B304-4C6E-877E-580A7520D8A4}.Release|iPhone.ActiveCfg = Release|Any CPU
		{21C99A67-B304-4C6E-877E-580A7520D8A4}.Release|iPhone.Build.0 = Release|Any CPU
		{21C99A67-B304-4C6E-877E-580A7520D8A4}.Release|iPhone.Deploy.0 = Release|Any CPU
		{21C99A67-B304-4C6E-877E-580A7520D8A4}.Release|iPhoneSimulator.ActiveCfg = Release|Any CPU
		{21C99A67-B304-4C6E-877E-580A7520D8A4}.Release|iPhoneSimulator.Build.0 = Release|Any CPU
		{21C99A67-B304-4C6E-877E-580A7520D8A4}.Release|iPhoneSimulator.Deploy.0 = Release|Any CPU
		{21C99A67-B304-4C6E-877E-580A7520D8A4}.Release|x64.ActiveCfg = Release|x64
		{21C99A67-B304-4C6E-877E-580A7520D8A4}.Release|x64.Build.0 = Release|x64
		{21C99A67-B304-4C6E-877E-580A7520D8A4}.Release|x64.Deploy.0 = Release|x64
		{21C99A67-B304-4C6E-877E-580A7520D8A4}.Release|x86.ActiveCfg = Release|x86
		{21C99A67-B304-4C6E-877E-580A7520D8A4}.Release|x86.Build.0 = Release|x86
		{21C99A67-B304-4C6E-877E-580A7520D8A4}.Release|x86.Deploy.0 = Release|x86
	EndGlobalSection
	GlobalSection(SolutionProperties) = preSolution
		HideSolutionNode = FALSE
	EndGlobalSection
EndGlobal
